// !$*UTF8*$!
{
	archiveVersion = 1;
	classes = {
	};
	objectVersion = 46;
	objects = {

/* Begin PBXBuildFile section */
		3EA436D51EBCBCB400BD25C1 /* CusInfo.swift in Sources */ = {isa = PBXBuildFile; fileRef = 3EA436D41EBCBCB400BD25C1 /* CusInfo.swift */; };
		86447EC51EB0A05B00A2CFA5 /* AppDelegate.swift in Sources */ = {isa = PBXBuildFile; fileRef = 86447EC41EB0A05B00A2CFA5 /* AppDelegate.swift */; };
		86447EC71EB0A05B00A2CFA5 /* ViewController.swift in Sources */ = {isa = PBXBuildFile; fileRef = 86447EC61EB0A05B00A2CFA5 /* ViewController.swift */; };
		86447ECA1EB0A05B00A2CFA5 /* Main.storyboard in Resources */ = {isa = PBXBuildFile; fileRef = 86447EC81EB0A05B00A2CFA5 /* Main.storyboard */; };
		86447ECC1EB0A05B00A2CFA5 /* Assets.xcassets in Resources */ = {isa = PBXBuildFile; fileRef = 86447ECB1EB0A05B00A2CFA5 /* Assets.xcassets */; };
		86447ECF1EB0A05B00A2CFA5 /* LaunchScreen.storyboard in Resources */ = {isa = PBXBuildFile; fileRef = 86447ECD1EB0A05B00A2CFA5 /* LaunchScreen.storyboard */; };
		86C2F6CF1EB60A59000F6ABE /* AddCus.swift in Sources */ = {isa = PBXBuildFile; fileRef = 86C2F6CE1EB60A59000F6ABE /* AddCus.swift */; };
		86C2F6D11EB60B35000F6ABE /* CusView.swift in Sources */ = {isa = PBXBuildFile; fileRef = 86C2F6D01EB60B35000F6ABE /* CusView.swift */; };
		86C2F6D31EB60B83000F6ABE /* Order.swift in Sources */ = {isa = PBXBuildFile; fileRef = 86C2F6D21EB60B83000F6ABE /* Order.swift */; };
		86C2F6D51EB60BB6000F6ABE /* Products.swift in Sources */ = {isa = PBXBuildFile; fileRef = 86C2F6D41EB60BB6000F6ABE /* Products.swift */; };
		86C2F6D71EB60BC9000F6ABE /* Location.swift in Sources */ = {isa = PBXBuildFile; fileRef = 86C2F6D61EB60BC9000F6ABE /* Location.swift */; };
/* End PBXBuildFile section */

/* Begin PBXFileReference section */
		3EA436D41EBCBCB400BD25C1 /* CusInfo.swift */ = {isa = PBXFileReference; fileEncoding = 4; lastKnownFileType = sourcecode.swift; path = CusInfo.swift; sourceTree = "<group>"; };
		86447EC11EB0A05B00A2CFA5 /* GameStop.app */ = {isa = PBXFileReference; explicitFileType = wrapper.application; includeInIndex = 0; path = GameStop.app; sourceTree = BUILT_PRODUCTS_DIR; };
		86447EC41EB0A05B00A2CFA5 /* AppDelegate.swift */ = {isa = PBXFileReference; lastKnownFileType = sourcecode.swift; path = AppDelegate.swift; sourceTree = "<group>"; };
		86447EC61EB0A05B00A2CFA5 /* ViewController.swift */ = {isa = PBXFileReference; lastKnownFileType = sourcecode.swift; path = ViewController.swift; sourceTree = "<group>"; };
		86447EC91EB0A05B00A2CFA5 /* Base */ = {isa = PBXFileReference; lastKnownFileType = file.storyboard; name = Base; path = Base.lproj/Main.storyboard; sourceTree = "<group>"; };
		86447ECB1EB0A05B00A2CFA5 /* Assets.xcassets */ = {isa = PBXFileReference; lastKnownFileType = folder.assetcatalog; path = Assets.xcassets; sourceTree = "<group>"; };
		86447ECE1EB0A05B00A2CFA5 /* Base */ = {isa = PBXFileReference; lastKnownFileType = file.storyboard; name = Base; path = Base.lproj/LaunchScreen.storyboard; sourceTree = "<group>"; };
		86447ED01EB0A05B00A2CFA5 /* Info.plist */ = {isa = PBXFileReference; lastKnownFileType = text.plist.xml; path = Info.plist; sourceTree = "<group>"; };
		86C2F6CE1EB60A59000F6ABE /* AddCus.swift */ = {isa = PBXFileReference; fileEncoding = 4; lastKnownFileType = sourcecode.swift; path = AddCus.swift; sourceTree = "<group>"; };
		86C2F6D01EB60B35000F6ABE /* CusView.swift */ = {isa = PBXFileReference; fileEncoding = 4; lastKnownFileType = sourcecode.swift; path = CusView.swift; sourceTree = "<group>"; };
		86C2F6D21EB60B83000F6ABE /* Order.swift */ = {isa = PBXFileReference; fileEncoding = 4; lastKnownFileType = sourcecode.swift; path = Order.swift; sourceTree = "<group>"; };
		86C2F6D41EB60BB6000F6ABE /* Products.swift */ = {isa = PBXFileReference; fileEncoding = 4; lastKnownFileType = sourcecode.swift; path = Products.swift; sourceTree = "<group>"; };
		86C2F6D61EB60BC9000F6ABE /* Location.swift */ = {isa = PBXFileReference; fileEncoding = 4; lastKnownFileType = sourcecode.swift; path = Location.swift; sourceTree = "<group>"; };
/* End PBXFileReference section */

/* Begin PBXFrameworksBuildPhase section */
		86447EBE1EB0A05B00A2CFA5 /* Frameworks */ = {
			isa = PBXFrameworksBuildPhase;
			buildActionMask = 2147483647;
			files = (
			);
			runOnlyForDeploymentPostprocessing = 0;
		};
/* End PBXFrameworksBuildPhase section */

/* Begin PBXGroup section */
		86447EB81EB0A05B00A2CFA5 = {
			isa = PBXGroup;
			children = (
				86447EC31EB0A05B00A2CFA5 /* GameStop */,
				86447EC21EB0A05B00A2CFA5 /* Products */,
			);
			sourceTree = "<group>";
		};
		86447EC21EB0A05B00A2CFA5 /* Products */ = {
			isa = PBXGroup;
			children = (
				86447EC11EB0A05B00A2CFA5 /* GameStop.app */,
			);
			name = Products;
			sourceTree = "<group>";
		};
		86447EC31EB0A05B00A2CFA5 /* GameStop */ = {
			isa = PBXGroup;
			children = (
				86447EC41EB0A05B00A2CFA5 /* AppDelegate.swift */,
				86447EC61EB0A05B00A2CFA5 /* ViewController.swift */,
				86C2F6D01EB60B35000F6ABE /* CusView.swift */,
				86C2F6D21EB60B83000F6ABE /* Order.swift */,
				86C2F6D41EB60BB6000F6ABE /* Products.swift */,
				86C2F6D61EB60BC9000F6ABE /* Location.swift */,
				86C2F6CE1EB60A59000F6ABE /* AddCus.swift */,
				3EA436D41EBCBCB400BD25C1 /* CusInfo.swift */,
				86447ED01EB0A05B00A2CFA5 /* Info.plist */,
				86447EC81EB0A05B00A2CFA5 /* Main.storyboard */,
				86447ECD1EB0A05B00A2CFA5 /* LaunchScreen.storyboard */,
				86447ECB1EB0A05B00A2CFA5 /* Assets.xcassets */,
			);
			path = GameStop;
			sourceTree = "<group>";
		};
/* End PBXGroup section */

/* Begin PBXNativeTarget section */
		86447EC01EB0A05B00A2CFA5 /* GameStop */ = {
			isa = PBXNativeTarget;
			buildConfigurationList = 86447EDE1EB0A05B00A2CFA5 /* Build configuration list for PBXNativeTarget "GameStop" */;
			buildPhases = (
				86447EBD1EB0A05B00A2CFA5 /* Sources */,
				86447EBE1EB0A05B00A2CFA5 /* Frameworks */,
				86447EBF1EB0A05B00A2CFA5 /* Resources */,
			);
			buildRules = (
			);
			dependencies = (
			);
			name = GameStop;
			productName = GameStop;
			productReference = 86447EC11EB0A05B00A2CFA5 /* GameStop.app */;
			productType = "com.apple.product-type.application";
		};
/* End PBXNativeTarget section */

/* Begin PBXProject section */
		86447EB91EB0A05B00A2CFA5 /* Project object */ = {
			isa = PBXProject;
			attributes = {
				LastSwiftUpdateCheck = 0830;
				LastUpgradeCheck = 0830;
				ORGANIZATIONNAME = "Eissa Al";
				TargetAttributes = {
					86447EC01EB0A05B00A2CFA5 = {
						CreatedOnToolsVersion = 8.3.1;
						ProvisioningStyle = Manual;
					};
				};
			};
			buildConfigurationList = 86447EBC1EB0A05B00A2CFA5 /* Build configuration list for PBXProject "GameStop" */;
			compatibilityVersion = "Xcode 3.2";
			developmentRegion = English;
			hasScannedForEncodings = 0;
			knownRegions = (
				en,
				Base,
			);
			mainGroup = 86447EB81EB0A05B00A2CFA5;
			productRefGroup = 86447EC21EB0A05B00A2CFA5 /* Products */;
			projectDirPath = "";
			projectRoot = "";
			targets = (
				86447EC01EB0A05B00A2CFA5 /* GameStop */,
			);
		};
/* End PBXProject section */

/* Begin PBXResourcesBuildPhase section */
		86447EBF1EB0A05B00A2CFA5 /* Resources */ = {
			isa = PBXResourcesBuildPhase;
			buildActionMask = 2147483647;
			files = (
				86447ECF1EB0A05B00A2CFA5 /* LaunchScreen.storyboard in Resources */,
				86447ECC1EB0A05B00A2CFA5 /* Assets.xcassets in Resources */,
				86447ECA1EB0A05B00A2CFA5 /* Main.storyboard in Resources */,
			);
			runOnlyForDeploymentPostprocessing = 0;
		};
/* End PBXResourcesBuildPhase section */

/* Begin PBXSourcesBuildPhase section */
		86447EBD1EB0A05B00A2CFA5 /* Sources */ = {
			isa = PBXSourcesBuildPhase;
			buildActionMask = 2147483647;
			files = (
				86447EC71EB0A05B00A2CFA5 /* ViewController.swift in Sources */,
				86447EC51EB0A05B00A2CFA5 /* AppDelegate.swift in Sources */,
				86C2F6D31EB60B83000F6ABE /* Order.swift in Sources */,
				86C2F6D51EB60BB6000F6ABE /* Products.swift in Sources */,
				86C2F6D11EB60B35000F6ABE /* CusView.swift in Sources */,
				86C2F6CF1EB60A59000F6ABE /* AddCus.swift in Sources */,
				86C2F6D71EB60BC9000F6ABE /* Location.swift in Sources */,
				3EA436D51EBCBCB400BD25C1 /* CusInfo.swift in Sources */,
			);
			runOnlyForDeploymentPostprocessing = 0;
		};
/* End PBXSourcesBuildPhase section */

/* Begin PBXVariantGroup section */
		86447EC81EB0A05B00A2CFA5 /* Main.storyboard */ = {
			isa = PBXVariantGroup;
			children = (
				86447EC91EB0A05B00A2CFA5 /* Base */,
			);
			name = Main.storyboard;
			sourceTree = "<group>";
		};
		86447ECD1EB0A05B00A2CFA5 /* LaunchScreen.storyboard */ = {
			isa = PBXVariantGroup;
			children = (
				86447ECE1EB0A05B00A2CFA5 /* Base */,
			);
			name = LaunchScreen.storyboard;
			sourceTree = "<group>";
		};
/* End PBXVariantGroup section */

/* Begin XCBuildConfiguration section */
		86447EDC1EB0A05B00A2CFA5 /* Debug */ = {
			isa = XCBuildConfiguration;
			buildSettings = {
				ALWAYS_SEARCH_USER_PATHS = NO;
				CLANG_ANALYZER_NONNULL = YES;
				CLANG_ANALYZER_NUMBER_OBJECT_CONVERSION = YES_AGGRESSIVE;
				CLANG_CXX_LANGUAGE_STANDARD = "gnu++0x";
				CLANG_CXX_LIBRARY = "libc++";
				CLANG_ENABLE_MODULES = YES;
				CLANG_ENABLE_OBJC_ARC = YES;
				CLANG_WARN_BOOL_CONVERSION = YES;
				CLANG_WARN_CONSTANT_CONVERSION = YES;
				CLANG_WARN_DIRECT_OBJC_ISA_USAGE = YES_ERROR;
				CLANG_WARN_DOCUMENTATION_COMMENTS = YES;
				CLANG_WARN_EMPTY_BODY = YES;
				CLANG_WARN_ENUM_CONVERSION = YES;
				CLANG_WARN_INFINITE_RECURSION = YES;
				CLANG_WARN_INT_CONVERSION = YES;
				CLANG_WARN_OBJC_ROOT_CLASS = YES_ERROR;
				CLANG_WARN_SUSPICIOUS_MOVE = YES;
				CLANG_WARN_UNREACHABLE_CODE = YES;
				CLANG_WARN__DUPLICATE_METHOD_MATCH = YES;
				"CODE_SIGN_IDENTITY[sdk=iphoneos*]" = "iPhone Developer";
				COPY_PHASE_STRIP = NO;
				DEBUG_INFORMATION_FORMAT = dwarf;
				ENABLE_STRICT_OBJC_MSGSEND = YES;
				ENABLE_TESTABILITY = YES;
				GCC_C_LANGUAGE_STANDARD = gnu99;
				GCC_DYNAMIC_NO_PIC = NO;
				GCC_NO_COMMON_BLOCKS = YES;
				GCC_OPTIMIZATION_LEVEL = 0;
				GCC_PREPROCESSOR_DEFINITIONS = (
					"DEBUG=1",
					"$(inherited)",
				);
				GCC_WARN_64_TO_32_BIT_CONVERSION = YES;
				GCC_WARN_ABOUT_RETURN_TYPE = YES_ERROR;
				GCC_WARN_UNDECLARED_SELECTOR = YES;
				GCC_WARN_UNINITIALIZED_AUTOS = YES_AGGRESSIVE;
				GCC_WARN_UNUSED_FUNCTION = YES;
				GCC_WARN_UNUSED_VARIABLE = YES;
				IPHONEOS_DEPLOYMENT_TARGET = 10.3;
				MTL_ENABLE_DEBUG_INFO = YES;
				ONLY_ACTIVE_ARCH = YES;
				SDKROOT = iphoneos;
				SWIFT_ACTIVE_COMPILATION_CONDITIONS = DEBUG;
				SWIFT_OPTIMIZATION_LEVEL = "-Onone";
				TARGETED_DEVICE_FAMILY = "1,2";
			};
			name = Debug;
		};
		86447EDD1EB0A05B00A2CFA5 /* Release */ = {
			isa = XCBuildConfiguration;
			buildSettings = {
				ALWAYS_SEARCH_USER_PATHS = NO;
				CLANG_ANALYZER_NONNULL = YES;
				CLANG_ANALYZER_NUMBER_OBJECT_CONVERSION = YES_AGGRESSIVE;
				CLANG_CXX_LANGUAGE_STANDARD = "gnu++0x";
				CLANG_CXX_LIBRARY = "libc++";
				CLANG_ENABLE_MODULES = YES;
				CLANG_ENABLE_OBJC_ARC = YES;
				CLANG_WARN_BOOL_CONVERSION = YES;
				CLANG_WARN_CONSTANT_CONVERSION = YES;
				CLANG_WARN_DIRECT_OBJC_ISA_USAGE = YES_ERROR;
				CLANG_WARN_DOCUMENTATION_COMMENTS = YES;
				CLANG_WARN_EMPTY_BODY = YES;
				CLANG_WARN_ENUM_CONVERSION = YES;
				CLANG_WARN_INFINITE_RECURSION = YES;
				CLANG_WARN_INT_CONVERSION = YES;
				CLANG_WARN_OBJC_ROOT_CLASS = YES_ERROR;
				CLANG_WARN_SUSPICIOUS_MOVE = YES;
				CLANG_WARN_UNREACHABLE_CODE = YES;
				CLANG_WARN__DUPLICATE_METHOD_MATCH = YES;
				"CODE_SIGN_IDENTITY[sdk=iphoneos*]" = "iPhone Developer";
				COPY_PHASE_STRIP = NO;
				DEBUG_INFORMATION_FORMAT = "dwarf-with-dsym";
				ENABLE_NS_ASSERTIONS = NO;
				ENABLE_STRICT_OBJC_MSGSEND = YES;
				GCC_C_LANGUAGE_STANDARD = gnu99;
				GCC_NO_COMMON_BLOCKS = YES;
				GCC_WARN_64_TO_32_BIT_CONVERSION = YES;
				GCC_WARN_ABOUT_RETURN_TYPE = YES_ERROR;
				GCC_WARN_UNDECLARED_SELECTOR = YES;
				GCC_WARN_UNINITIALIZED_AUTOS = YES_AGGRESSIVE;
				GCC_WARN_UNUSED_FUNCTION = YES;
				GCC_WARN_UNUSED_VARIABLE = YES;
				IPHONEOS_DEPLOYMENT_TARGET = 10.3;
				MTL_ENABLE_DEBUG_INFO = NO;
				SDKROOT = iphoneos;
				SWIFT_OPTIMIZATION_LEVEL = "-Owholemodule";
				TARGETED_DEVICE_FAMILY = "1,2";
				VALIDATE_PRODUCT = YES;
			};
			name = Release;
		};
		86447EDF1EB0A05B00A2CFA5 /* Debug */ = {
			isa = XCBuildConfiguration;
			buildSettings = {
				ASSETCATALOG_COMPILER_APPICON_NAME = AppIcon;
				DEVELOPMENT_TEAM = "";
				INFOPLIST_FILE = GameStop/Info.plist;
				IPHONEOS_DEPLOYMENT_TARGET = 8.0;
				LD_RUNPATH_SEARCH_PATHS = "$(inherited) @executable_path/Frameworks";
				PRODUCT_BUNDLE_IDENTIFIER = app.GameStop;
				PRODUCT_NAME = "$(TARGET_NAME)";
				SWIFT_VERSION = 3.0;
			};
			name = Debug;
		};
		86447EE01EB0A05B00A2CFA5 /* Release */ = {
			isa = XCBuildConfiguration;
			buildSettings = {
				ASSETCATALOG_COMPILER_APPICON_NAME = AppIcon;
				DEVELOPMENT_TEAM = "";
				INFOPLIST_FILE = GameStop/Info.plist;
				IPHONEOS_DEPLOYMENT_TARGET = 8.0;
				LD_RUNPATH_SEARCH_PATHS = "$(inherited) @executable_path/Frameworks";
				PRODUCT_BUNDLE_IDENTIFIER = app.GameStop;
				PRODUCT_NAME = "$(TARGET_NAME)";
				SWIFT_VERSION = 3.0;
			};
			name = Release;
		};
/* End XCBuildConfiguration section */

/* Begin XCConfigurationList section */
		86447EBC1EB0A05B00A2CFA5 /* Build configuration list for PBXProject "GameStop" */ = {
			isa = XCConfigurationList;
			buildConfigurations = (
				86447EDC1EB0A05B00A2CFA5 /* Debug */,
				86447EDD1EB0A05B00A2CFA5 /* Release */,
			);
			defaultConfigurationIsVisible = 0;
			defaultConfigurationName = Release;
		};
		86447EDE1EB0A05B00A2CFA5 /* Build configuration list for PBXNativeTarget "GameStop" */ = {
			isa = XCConfigurationList;
			buildConfigurations = (
				86447EDF1EB0A05B00A2CFA5 /* Debug */,
				86447EE01EB0A05B00A2CFA5 /* Release */,
			);
			defaultConfigurationIsVisible = 0;
			defaultConfigurationName = Release;
		};
/* End XCConfigurationList section */
	};
	rootObject = 86447EB91EB0A05B00A2CFA5 /* Project object */;
}
